
Microsoft Visual Studio Solution File, Format Version 12.00
# Visual Studio Version 17
VisualStudioVersion = 17.3.32825.248
MinimumVisualStudioVersion = 10.0.40219.1
Project("{FAE04EC0-301F-11D3-BF4B-00C04F79EFBC}") = "Prijava", "Prijava\Prijava.csproj", "{33C9934B-FE5A-4862-ACE1-FC9F5A054EFC}"
EndProject
Project("{FAE04EC0-301F-11D3-BF4B-00C04F79EFBC}") = "Testovi", "Testovi\Testovi.csproj", "{D841F597-16FF-49EA-9220-54E95DCFD6C1}"
EndProject
Global
	GlobalSection(SolutionConfigurationPlatforms) = preSolution
		Debug|Any CPU = Debug|Any CPU
		Release|Any CPU = Release|Any CPU
	EndGlobalSection
	GlobalSection(ProjectConfigurationPlatforms) = postSolution
		{33C9934B-FE5A-4862-ACE1-FC9F5A054EFC}.Debug|Any CPU.ActiveCfg = Debug|Any CPU
		{33C9934B-FE5A-4862-ACE1-FC9F5A054EFC}.Debug|Any CPU.Build.0 = Debug|Any CPU
		{33C9934B-FE5A-4862-ACE1-FC9F5A054EFC}.Release|Any CPU.ActiveCfg = Release|Any CPU
		{33C9934B-FE5A-4862-ACE1-FC9F5A054EFC}.Release|Any CPU.Build.0 = Release|Any CPU
		{D841F597-16FF-49EA-9220-54E95DCFD6C1}.Debug|Any CPU.ActiveCfg = Debug|Any CPU
		{D841F597-16FF-49EA-9220-54E95DCFD6C1}.Debug|Any CPU.Build.0 = Debug|Any CPU
		{D841F597-16FF-49EA-9220-54E95DCFD6C1}.Release|Any CPU.ActiveCfg = Release|Any CPU
		{D841F597-16FF-49EA-9220-54E95DCFD6C1}.Release|Any CPU.Build.0 = Release|Any CPU
	EndGlobalSection
	GlobalSection(SolutionProperties) = preSolution
		HideSolutionNode = FALSE
	EndGlobalSection
	GlobalSection(ExtensibilityGlobals) = postSolution
		SolutionGuid = {9DC3E376-F22E-4551-9B83-E8D741D568C8}
	EndGlobalSection
EndGlobal
